
Microsoft Visual Studio Solution File, Format Version 12.00
# Visual Studio Version 16
VisualStudioVersion = 16.0.31313.79
MinimumVisualStudioVersion = 10.0.40219.1
Project("{FAE04EC0-301F-11D3-BF4B-00C04F79EFBC}") = "Clock8", "Clock8.csproj", "{EC2180D7-819E-4478-BFC7-D06555D7602C}"
EndProject
Global
	GlobalSection(SolutionConfigurationPlatforms) = preSolution
		Debug|Any CPU = Debug|Any CPU
		Release|Any CPU = Release|Any CPU
	EndGlobalSection
	GlobalSection(ProjectConfigurationPlatforms) = postSolution
		{EC2180D7-819E-4478-BFC7-D06555D7602C}.Debug|Any CPU.ActiveCfg = Debug|Any CPU
		{EC2180D7-819E-4478-BFC7-D06555D7602C}.Debug|Any CPU.Build.0 = Debug|Any CPU
		{EC2180D7-819E-4478-BFC7-D06555D7602C}.Release|Any CPU.ActiveCfg = Release|Any CPU
		{EC2180D7-819E-4478-BFC7-D06555D7602C}.Release|Any CPU.Build.0 = Release|Any CPU
	EndGlobalSection
	GlobalSection(SolutionProperties) = preSolution
		HideSolutionNode = FALSE
	EndGlobalSection
	GlobalSection(ExtensibilityGlobals) = postSolution
		SolutionGuid = {4B919408-963A-4DF2-AC11-91C745C2546B}
	EndGlobalSection
EndGlobal
